
Microsoft Visual Studio Solution File, Format Version 12.00
Project("{FAE04EC0-301F-11D3-BF4B-00C04F79EFBC}") = "StreamRegex.Lib", "StreamRegex.Lib\StreamRegex.Lib.csproj", "{0B544375-C166-4C21-8255-39458E26AB6E}"
EndProject
Project("{FAE04EC0-301F-11D3-BF4B-00C04F79EFBC}") = "StreamRegex.Tests", "StreamRegex.Tests\StreamRegex.Tests.csproj", "{84F43E8E-04CF-464C-B3D0-05B7022ABBC0}"
EndProject
Project("{FAE04EC0-301F-11D3-BF4B-00C04F79EFBC}") = "StreamRegex.Benchmarks", "StreamRegex.Benchmarks\StreamRegex.Benchmarks.csproj", "{424A43DA-5AEA-4EE4-B3F3-3437C4AA2953}"
EndProject
Project("{FAE04EC0-301F-11D3-BF4B-00C04F79EFBC}") = "StreamRegex.Extensions", "StreamRegex.Extensions\StreamRegex.Extensions.csproj", "{77EF5BC3-A2DD-41E1-AA47-22B99C424C80}"
EndProject
Global
	GlobalSection(SolutionConfigurationPlatforms) = preSolution
		Debug|Any CPU = Debug|Any CPU
		Release|Any CPU = Release|Any CPU
	EndGlobalSection
	GlobalSection(ProjectConfigurationPlatforms) = postSolution
		{0B544375-C166-4C21-8255-39458E26AB6E}.Debug|Any CPU.ActiveCfg = Debug|Any CPU
		{0B544375-C166-4C21-8255-39458E26AB6E}.Debug|Any CPU.Build.0 = Debug|Any CPU
		{0B544375-C166-4C21-8255-39458E26AB6E}.Release|Any CPU.ActiveCfg = Release|Any CPU
		{0B544375-C166-4C21-8255-39458E26AB6E}.Release|Any CPU.Build.0 = Release|Any CPU
		{84F43E8E-04CF-464C-B3D0-05B7022ABBC0}.Debug|Any CPU.ActiveCfg = Debug|Any CPU
		{84F43E8E-04CF-464C-B3D0-05B7022ABBC0}.Debug|Any CPU.Build.0 = Debug|Any CPU
		{84F43E8E-04CF-464C-B3D0-05B7022ABBC0}.Release|Any CPU.ActiveCfg = Release|Any CPU
		{84F43E8E-04CF-464C-B3D0-05B7022ABBC0}.Release|Any CPU.Build.0 = Release|Any CPU
		{424A43DA-5AEA-4EE4-B3F3-3437C4AA2953}.Debug|Any CPU.ActiveCfg = Debug|Any CPU
		{424A43DA-5AEA-4EE4-B3F3-3437C4AA2953}.Debug|Any CPU.Build.0 = Debug|Any CPU
		{424A43DA-5AEA-4EE4-B3F3-3437C4AA2953}.Release|Any CPU.ActiveCfg = Release|Any CPU
		{424A43DA-5AEA-4EE4-B3F3-3437C4AA2953}.Release|Any CPU.Build.0 = Release|Any CPU
		{77EF5BC3-A2DD-41E1-AA47-22B99C424C80}.Debug|Any CPU.ActiveCfg = Debug|Any CPU
		{77EF5BC3-A2DD-41E1-AA47-22B99C424C80}.Debug|Any CPU.Build.0 = Debug|Any CPU
		{77EF5BC3-A2DD-41E1-AA47-22B99C424C80}.Release|Any CPU.ActiveCfg = Release|Any CPU
		{77EF5BC3-A2DD-41E1-AA47-22B99C424C80}.Release|Any CPU.Build.0 = Release|Any CPU
	EndGlobalSection
EndGlobal
